
Microsoft Visual Studio Solution File, Format Version 12.00
# Visual Studio 15
Project("{FAE04EC0-301F-11D3-BF4B-00C04F79EFBC}") = "Assembly-CSharp", "Assembly-CSharp.csproj", "{7DBA8829-47EB-157A-EA57-E1534FDCAEF2}"
EndProject
Project("{FAE04EC0-301F-11D3-BF4B-00C04F79EFBC}") = "Assembly-CSharp-Editor", "Assembly-CSharp-Editor.csproj", "{68F95F0F-E611-BB90-A179-8DEEFC5EDE70}"
EndProject
Global
	GlobalSection(SolutionConfigurationPlatforms) = preSolution
		Debug|Any CPU = Debug|Any CPU
		Release|Any CPU = Release|Any CPU
	EndGlobalSection
	GlobalSection(ProjectConfigurationPlatforms) = postSolution
		{7DBA8829-47EB-157A-EA57-E1534FDCAEF2}.Debug|Any CPU.ActiveCfg = Debug|Any CPU
		{7DBA8829-47EB-157A-EA57-E1534FDCAEF2}.Debug|Any CPU.Build.0 = Debug|Any CPU
		{7DBA8829-47EB-157A-EA57-E1534FDCAEF2}.Release|Any CPU.ActiveCfg = Release|Any CPU
		{7DBA8829-47EB-157A-EA57-E1534FDCAEF2}.Release|Any CPU.Build.0 = Release|Any CPU
		{68F95F0F-E611-BB90-A179-8DEEFC5EDE70}.Debug|Any CPU.ActiveCfg = Debug|Any CPU
		{68F95F0F-E611-BB90-A179-8DEEFC5EDE70}.Debug|Any CPU.Build.0 = Debug|Any CPU
		{68F95F0F-E611-BB90-A179-8DEEFC5EDE70}.Release|Any CPU.ActiveCfg = Release|Any CPU
		{68F95F0F-E611-BB90-A179-8DEEFC5EDE70}.Release|Any CPU.Build.0 = Release|Any CPU
	EndGlobalSection
	GlobalSection(SolutionProperties) = preSolution
		HideSolutionNode = FALSE
	EndGlobalSection
EndGlobal
